
Microsoft Visual Studio Solution File, Format Version 12.00
# Visual Studio 15
Project("{FAE04EC0-301F-11D3-BF4B-00C04F79EFBC}") = "Assembly-CSharp", "Assembly-CSharp.csproj", "{0C91D53C-F7F0-40F6-1E62-B2C4D40612E7}"
EndProject
Project("{FAE04EC0-301F-11D3-BF4B-00C04F79EFBC}") = "Assembly-CSharp-firstpass", "Assembly-CSharp-firstpass.csproj", "{DB697A2D-C82D-2888-A3F1-50297BCAEA87}"
EndProject
Project("{FAE04EC0-301F-11D3-BF4B-00C04F79EFBC}") = "Assembly-CSharp-Editor", "Assembly-CSharp-Editor.csproj", "{7D4D57AC-9A70-107E-AE73-7D6C14A3912C}"
EndProject
Global
	GlobalSection(SolutionConfigurationPlatforms) = preSolution
		Debug|Any CPU = Debug|Any CPU
		Release|Any CPU = Release|Any CPU
	EndGlobalSection
	GlobalSection(ProjectConfigurationPlatforms) = postSolution
		{0C91D53C-F7F0-40F6-1E62-B2C4D40612E7}.Debug|Any CPU.ActiveCfg = Debug|Any CPU
		{0C91D53C-F7F0-40F6-1E62-B2C4D40612E7}.Debug|Any CPU.Build.0 = Debug|Any CPU
		{0C91D53C-F7F0-40F6-1E62-B2C4D40612E7}.Release|Any CPU.ActiveCfg = Release|Any CPU
		{0C91D53C-F7F0-40F6-1E62-B2C4D40612E7}.Release|Any CPU.Build.0 = Release|Any CPU
		{DB697A2D-C82D-2888-A3F1-50297BCAEA87}.Debug|Any CPU.ActiveCfg = Debug|Any CPU
		{DB697A2D-C82D-2888-A3F1-50297BCAEA87}.Debug|Any CPU.Build.0 = Debug|Any CPU
		{DB697A2D-C82D-2888-A3F1-50297BCAEA87}.Release|Any CPU.ActiveCfg = Release|Any CPU
		{DB697A2D-C82D-2888-A3F1-50297BCAEA87}.Release|Any CPU.Build.0 = Release|Any CPU
		{7D4D57AC-9A70-107E-AE73-7D6C14A3912C}.Debug|Any CPU.ActiveCfg = Debug|Any CPU
		{7D4D57AC-9A70-107E-AE73-7D6C14A3912C}.Debug|Any CPU.Build.0 = Debug|Any CPU
		{7D4D57AC-9A70-107E-AE73-7D6C14A3912C}.Release|Any CPU.ActiveCfg = Release|Any CPU
		{7D4D57AC-9A70-107E-AE73-7D6C14A3912C}.Release|Any CPU.Build.0 = Release|Any CPU
	EndGlobalSection
	GlobalSection(SolutionProperties) = preSolution
		HideSolutionNode = FALSE
	EndGlobalSection
EndGlobal
